
Microsoft Visual Studio Solution File, Format Version 12.00
# Visual Studio Version 17
VisualStudioVersion = 17.6.33815.320
MinimumVisualStudioVersion = 10.0.40219.1
Project("{FAE04EC0-301F-11D3-BF4B-00C04F79EFBC}") = "RamOptimizer", "RamOptimizer\RamOptimizer.csproj", "{3DD4F976-CBCC-4086-A776-52E61880E93D}"
EndProject
Global
	GlobalSection(SolutionConfigurationPlatforms) = preSolution
		Debug|Any CPU = Debug|Any CPU
		Release|Any CPU = Release|Any CPU
	EndGlobalSection
	GlobalSection(ProjectConfigurationPlatforms) = postSolution
		{3DD4F976-CBCC-4086-A776-52E61880E93D}.Debug|Any CPU.ActiveCfg = Debug|Any CPU
		{3DD4F976-CBCC-4086-A776-52E61880E93D}.Debug|Any CPU.Build.0 = Debug|Any CPU
		{3DD4F976-CBCC-4086-A776-52E61880E93D}.Release|Any CPU.ActiveCfg = Release|Any CPU
		{3DD4F976-CBCC-4086-A776-52E61880E93D}.Release|Any CPU.Build.0 = Release|Any CPU
	EndGlobalSection
	GlobalSection(SolutionProperties) = preSolution
		HideSolutionNode = FALSE
	EndGlobalSection
	GlobalSection(ExtensibilityGlobals) = postSolution
		SolutionGuid = {18B4F3DD-0173-4168-9DBB-330BD60112E0}
	EndGlobalSection
EndGlobal
